
Microsoft Visual Studio Solution File, Format Version 12.00
# Visual Studio Version 16
VisualStudioVersion = 16.0.30011.22
MinimumVisualStudioVersion = 10.0.40219.1
Project("{9A19103F-16F7-4668-BE54-9A1E7A4F7556}") = "calculadora", "calculadora.csproj", "{C993A387-76D2-41B3-B2B8-89B4E50BB831}"
EndProject
Project("{9A19103F-16F7-4668-BE54-9A1E7A4F7556}") = "CalculadoraTest", "CalculadoraTest\CalculadoraTest.csproj", "{48860341-EECD-4E86-9284-5096035CC75F}"
EndProject
Global
	GlobalSection(SolutionConfigurationPlatforms) = preSolution
		Debug|Any CPU = Debug|Any CPU
		Release|Any CPU = Release|Any CPU
	EndGlobalSection
	GlobalSection(ProjectConfigurationPlatforms) = postSolution
		{C993A387-76D2-41B3-B2B8-89B4E50BB831}.Debug|Any CPU.ActiveCfg = Debug|Any CPU
		{C993A387-76D2-41B3-B2B8-89B4E50BB831}.Debug|Any CPU.Build.0 = Debug|Any CPU
		{C993A387-76D2-41B3-B2B8-89B4E50BB831}.Release|Any CPU.ActiveCfg = Release|Any CPU
		{C993A387-76D2-41B3-B2B8-89B4E50BB831}.Release|Any CPU.Build.0 = Release|Any CPU
		{48860341-EECD-4E86-9284-5096035CC75F}.Debug|Any CPU.ActiveCfg = Debug|Any CPU
		{48860341-EECD-4E86-9284-5096035CC75F}.Debug|Any CPU.Build.0 = Debug|Any CPU
		{48860341-EECD-4E86-9284-5096035CC75F}.Release|Any CPU.ActiveCfg = Release|Any CPU
		{48860341-EECD-4E86-9284-5096035CC75F}.Release|Any CPU.Build.0 = Release|Any CPU
	EndGlobalSection
	GlobalSection(SolutionProperties) = preSolution
		HideSolutionNode = FALSE
	EndGlobalSection
	GlobalSection(ExtensibilityGlobals) = postSolution
		SolutionGuid = {327D707C-E158-41DA-89D1-28F8A864075D}
	EndGlobalSection
EndGlobal
